
Microsoft Visual Studio Solution File, Format Version 12.00
# Visual Studio Version 17
VisualStudioVersion = 17.5.33502.453
MinimumVisualStudioVersion = 10.0.40219.1
Project("{FAE04EC0-301F-11D3-BF4B-00C04F79EFBC}") = "P41a1_AlumnosConHerencia", "P41a1_AlumnosConHerencia\P41a1_AlumnosConHerencia.csproj", "{D92A212E-EC31-4104-AD23-AEDB1454724E}"
EndProject
Global
	GlobalSection(SolutionConfigurationPlatforms) = preSolution
		Debug|Any CPU = Debug|Any CPU
		Release|Any CPU = Release|Any CPU
	EndGlobalSection
	GlobalSection(ProjectConfigurationPlatforms) = postSolution
		{D92A212E-EC31-4104-AD23-AEDB1454724E}.Debug|Any CPU.ActiveCfg = Debug|Any CPU
		{D92A212E-EC31-4104-AD23-AEDB1454724E}.Debug|Any CPU.Build.0 = Debug|Any CPU
		{D92A212E-EC31-4104-AD23-AEDB1454724E}.Release|Any CPU.ActiveCfg = Release|Any CPU
		{D92A212E-EC31-4104-AD23-AEDB1454724E}.Release|Any CPU.Build.0 = Release|Any CPU
	EndGlobalSection
	GlobalSection(SolutionProperties) = preSolution
		HideSolutionNode = FALSE
	EndGlobalSection
	GlobalSection(ExtensibilityGlobals) = postSolution
		SolutionGuid = {3E607916-B46C-4A73-AD3E-F8169758BC53}
	EndGlobalSection
EndGlobal
